
Microsoft Visual Studio Solution File, Format Version 12.00
# Visual Studio Version 17
VisualStudioVersion = 17.3.32819.101
MinimumVisualStudioVersion = 10.0.40219.1
Project("{FAE04EC0-301F-11D3-BF4B-00C04F79EFBC}") = "NotesApp", "NotesApp.csproj", "{BADA864E-FEED-478C-84CD-68020A606653}"
EndProject
Global
	GlobalSection(SolutionConfigurationPlatforms) = preSolution
		Debug|Any CPU = Debug|Any CPU
		Release|Any CPU = Release|Any CPU
	EndGlobalSection
	GlobalSection(ProjectConfigurationPlatforms) = postSolution
		{BADA864E-FEED-478C-84CD-68020A606653}.Debug|Any CPU.ActiveCfg = Debug|Any CPU
		{BADA864E-FEED-478C-84CD-68020A606653}.Debug|Any CPU.Build.0 = Debug|Any CPU
		{BADA864E-FEED-478C-84CD-68020A606653}.Release|Any CPU.ActiveCfg = Release|Any CPU
		{BADA864E-FEED-478C-84CD-68020A606653}.Release|Any CPU.Build.0 = Release|Any CPU
	EndGlobalSection
	GlobalSection(SolutionProperties) = preSolution
		HideSolutionNode = FALSE
	EndGlobalSection
	GlobalSection(ExtensibilityGlobals) = postSolution
		SolutionGuid = {87BD3B1F-E54B-4CBA-8041-6D88303D95A1}
	EndGlobalSection
EndGlobal
